
Microsoft Visual Studio Solution File, Format Version 12.00
# Visual Studio Version 17
VisualStudioVersion = 17.9.34728.123
MinimumVisualStudioVersion = 10.0.40219.1
Project("{C9674DCB-5085-4A16-B785-4C70DD1589BD}") = "Integration Services_Tarea2", "Integration Services_Tarea2\Integration Services_Tarea2.dtproj", "{C7DC9F58-14B9-4DC1-AEE0-06032BA6D1C6}"
EndProject
Global
	GlobalSection(SolutionConfigurationPlatforms) = preSolution
		Development|Default = Development|Default
	EndGlobalSection
	GlobalSection(ProjectConfigurationPlatforms) = postSolution
		{C7DC9F58-14B9-4DC1-AEE0-06032BA6D1C6}.Development|Default.ActiveCfg = Development
		{C7DC9F58-14B9-4DC1-AEE0-06032BA6D1C6}.Development|Default.Build.0 = Development
	EndGlobalSection
	GlobalSection(SolutionProperties) = preSolution
		HideSolutionNode = FALSE
	EndGlobalSection
	GlobalSection(ExtensibilityGlobals) = postSolution
		SolutionGuid = {1688EB98-1FB4-4462-BBDC-F8F5BA0F729E}
	EndGlobalSection
EndGlobal
